
Microsoft Visual Studio Solution File, Format Version 12.00
# Visual Studio Version 17
VisualStudioVersion = 17.14.36623.8
MinimumVisualStudioVersion = 10.0.40219.1
Project("{FAE04EC0-301F-11D3-BF4B-00C04F79EFBC}") = "TaxiBlazor", "TaxiBlazor\TaxiBlazor.csproj", "{BE504619-D1C6-422F-96AD-9D26D0C4EFF6}"
EndProject
Project("{FAE04EC0-301F-11D3-BF4B-00C04F79EFBC}") = "TaxiBlazor.Client", "TaxiBlazor.Client\TaxiBlazor.Client.csproj", "{E1CA36D4-F6A8-4F03-A82A-015E83C18FC2}"
EndProject
Global
	GlobalSection(SolutionConfigurationPlatforms) = preSolution
		Debug|Any CPU = Debug|Any CPU
		Release|Any CPU = Release|Any CPU
	EndGlobalSection
	GlobalSection(ProjectConfigurationPlatforms) = postSolution
		{BE504619-D1C6-422F-96AD-9D26D0C4EFF6}.Debug|Any CPU.ActiveCfg = Debug|Any CPU
		{BE504619-D1C6-422F-96AD-9D26D0C4EFF6}.Debug|Any CPU.Build.0 = Debug|Any CPU
		{BE504619-D1C6-422F-96AD-9D26D0C4EFF6}.Release|Any CPU.ActiveCfg = Release|Any CPU
		{BE504619-D1C6-422F-96AD-9D26D0C4EFF6}.Release|Any CPU.Build.0 = Release|Any CPU
		{E1CA36D4-F6A8-4F03-A82A-015E83C18FC2}.Debug|Any CPU.ActiveCfg = Debug|Any CPU
		{E1CA36D4-F6A8-4F03-A82A-015E83C18FC2}.Debug|Any CPU.Build.0 = Debug|Any CPU
		{E1CA36D4-F6A8-4F03-A82A-015E83C18FC2}.Release|Any CPU.ActiveCfg = Release|Any CPU
		{E1CA36D4-F6A8-4F03-A82A-015E83C18FC2}.Release|Any CPU.Build.0 = Release|Any CPU
	EndGlobalSection
	GlobalSection(SolutionProperties) = preSolution
		HideSolutionNode = FALSE
	EndGlobalSection
	GlobalSection(ExtensibilityGlobals) = postSolution
		SolutionGuid = {BEC923A9-5755-49FF-9C45-013023305556}
	EndGlobalSection
EndGlobal
